
Microsoft Visual Studio Solution File, Format Version 12.00
# Visual Studio Version 17
VisualStudioVersion = 17.13.35806.99
MinimumVisualStudioVersion = 10.0.40219.1
Project("{FAE04EC0-301F-11D3-BF4B-00C04F79EFBC}") = "M001", "M001\M001.csproj", "{FF744506-28B3-4B4B-A9CE-DA2967E79C65}"
EndProject
Project("{FAE04EC0-301F-11D3-BF4B-00C04F79EFBC}") = "M002", "M002\M002.csproj", "{85AD5BD8-7EA9-440E-862D-2F0476D70954}"
EndProject
Project("{FAE04EC0-301F-11D3-BF4B-00C04F79EFBC}") = "M003", "M003\M003.csproj", "{E987219B-1862-4505-B1A2-A3ADA3A48154}"
EndProject
Project("{FAE04EC0-301F-11D3-BF4B-00C04F79EFBC}") = "M000", "M000\M000.csproj", "{6FBC7F78-4AEB-4B17-AF2F-120754227763}"
EndProject
Project("{FAE04EC0-301F-11D3-BF4B-00C04F79EFBC}") = "M004", "M004\M004.csproj", "{14C4CD0D-E7A1-4040-8270-A77DA225747A}"
EndProject
Project("{FAE04EC0-301F-11D3-BF4B-00C04F79EFBC}") = "M005", "M005\M005.csproj", "{05138D8C-515A-421B-BF10-7C398460E287}"
EndProject
Project("{FAE04EC0-301F-11D3-BF4B-00C04F79EFBC}") = "M006", "M006\M006.csproj", "{4146B8DF-7270-4B2E-9AF3-3A64E5A859BE}"
EndProject
Project("{FAE04EC0-301F-11D3-BF4B-00C04F79EFBC}") = "M007", "M007\M007.csproj", "{18EFD749-9FFD-418A-A9D0-7B1939902FB0}"
EndProject
Project("{FAE04EC0-301F-11D3-BF4B-00C04F79EFBC}") = "M008", "M008\M008.csproj", "{725DCB06-32A6-42DE-815C-00C9A8327C0E}"
EndProject
Global
	GlobalSection(SolutionConfigurationPlatforms) = preSolution
		Debug|Any CPU = Debug|Any CPU
		Release|Any CPU = Release|Any CPU
	EndGlobalSection
	GlobalSection(ProjectConfigurationPlatforms) = postSolution
		{FF744506-28B3-4B4B-A9CE-DA2967E79C65}.Debug|Any CPU.ActiveCfg = Debug|Any CPU
		{FF744506-28B3-4B4B-A9CE-DA2967E79C65}.Debug|Any CPU.Build.0 = Debug|Any CPU
		{FF744506-28B3-4B4B-A9CE-DA2967E79C65}.Release|Any CPU.ActiveCfg = Release|Any CPU
		{FF744506-28B3-4B4B-A9CE-DA2967E79C65}.Release|Any CPU.Build.0 = Release|Any CPU
		{85AD5BD8-7EA9-440E-862D-2F0476D70954}.Debug|Any CPU.ActiveCfg = Debug|Any CPU
		{85AD5BD8-7EA9-440E-862D-2F0476D70954}.Debug|Any CPU.Build.0 = Debug|Any CPU
		{85AD5BD8-7EA9-440E-862D-2F0476D70954}.Release|Any CPU.ActiveCfg = Release|Any CPU
		{85AD5BD8-7EA9-440E-862D-2F0476D70954}.Release|Any CPU.Build.0 = Release|Any CPU
		{E987219B-1862-4505-B1A2-A3ADA3A48154}.Debug|Any CPU.ActiveCfg = Debug|Any CPU
		{E987219B-1862-4505-B1A2-A3ADA3A48154}.Debug|Any CPU.Build.0 = Debug|Any CPU
		{E987219B-1862-4505-B1A2-A3ADA3A48154}.Release|Any CPU.ActiveCfg = Release|Any CPU
		{E987219B-1862-4505-B1A2-A3ADA3A48154}.Release|Any CPU.Build.0 = Release|Any CPU
		{6FBC7F78-4AEB-4B17-AF2F-120754227763}.Debug|Any CPU.ActiveCfg = Debug|Any CPU
		{6FBC7F78-4AEB-4B17-AF2F-120754227763}.Debug|Any CPU.Build.0 = Debug|Any CPU
		{6FBC7F78-4AEB-4B17-AF2F-120754227763}.Release|Any CPU.ActiveCfg = Release|Any CPU
		{6FBC7F78-4AEB-4B17-AF2F-120754227763}.Release|Any CPU.Build.0 = Release|Any CPU
		{14C4CD0D-E7A1-4040-8270-A77DA225747A}.Debug|Any CPU.ActiveCfg = Debug|Any CPU
		{14C4CD0D-E7A1-4040-8270-A77DA225747A}.Debug|Any CPU.Build.0 = Debug|Any CPU
		{14C4CD0D-E7A1-4040-8270-A77DA225747A}.Release|Any CPU.ActiveCfg = Release|Any CPU
		{14C4CD0D-E7A1-4040-8270-A77DA225747A}.Release|Any CPU.Build.0 = Release|Any CPU
		{05138D8C-515A-421B-BF10-7C398460E287}.Debug|Any CPU.ActiveCfg = Debug|Any CPU
		{05138D8C-515A-421B-BF10-7C398460E287}.Debug|Any CPU.Build.0 = Debug|Any CPU
		{05138D8C-515A-421B-BF10-7C398460E287}.Release|Any CPU.ActiveCfg = Release|Any CPU
		{05138D8C-515A-421B-BF10-7C398460E287}.Release|Any CPU.Build.0 = Release|Any CPU
		{4146B8DF-7270-4B2E-9AF3-3A64E5A859BE}.Debug|Any CPU.ActiveCfg = Debug|Any CPU
		{4146B8DF-7270-4B2E-9AF3-3A64E5A859BE}.Debug|Any CPU.Build.0 = Debug|Any CPU
		{4146B8DF-7270-4B2E-9AF3-3A64E5A859BE}.Release|Any CPU.ActiveCfg = Release|Any CPU
		{4146B8DF-7270-4B2E-9AF3-3A64E5A859BE}.Release|Any CPU.Build.0 = Release|Any CPU
		{18EFD749-9FFD-418A-A9D0-7B1939902FB0}.Debug|Any CPU.ActiveCfg = Debug|Any CPU
		{18EFD749-9FFD-418A-A9D0-7B1939902FB0}.Debug|Any CPU.Build.0 = Debug|Any CPU
		{18EFD749-9FFD-418A-A9D0-7B1939902FB0}.Release|Any CPU.ActiveCfg = Release|Any CPU
		{18EFD749-9FFD-418A-A9D0-7B1939902FB0}.Release|Any CPU.Build.0 = Release|Any CPU
		{725DCB06-32A6-42DE-815C-00C9A8327C0E}.Debug|Any CPU.ActiveCfg = Debug|Any CPU
		{725DCB06-32A6-42DE-815C-00C9A8327C0E}.Debug|Any CPU.Build.0 = Debug|Any CPU
		{725DCB06-32A6-42DE-815C-00C9A8327C0E}.Release|Any CPU.ActiveCfg = Release|Any CPU
		{725DCB06-32A6-42DE-815C-00C9A8327C0E}.Release|Any CPU.Build.0 = Release|Any CPU
	EndGlobalSection
	GlobalSection(SolutionProperties) = preSolution
		HideSolutionNode = FALSE
	EndGlobalSection
	GlobalSection(ExtensibilityGlobals) = postSolution
		SolutionGuid = {9F9DC7BD-986C-40BC-B589-220987BA07B5}
	EndGlobalSection
EndGlobal
